
Microsoft Visual Studio Solution File, Format Version 12.00
# Visual Studio Version 17
VisualStudioVersion = 17.6.33829.357
MinimumVisualStudioVersion = 10.0.40219.1
Project("{FAE04EC0-301F-11D3-BF4B-00C04F79EFBC}") = "Kalendern", "Kalendern\Kalendern.csproj", "{CAAC2C83-7791-4742-8FE0-AECEE7AEDF9E}"
EndProject
Global
	GlobalSection(SolutionConfigurationPlatforms) = preSolution
		Debug|Any CPU = Debug|Any CPU
		Release|Any CPU = Release|Any CPU
	EndGlobalSection
	GlobalSection(ProjectConfigurationPlatforms) = postSolution
		{CAAC2C83-7791-4742-8FE0-AECEE7AEDF9E}.Debug|Any CPU.ActiveCfg = Debug|Any CPU
		{CAAC2C83-7791-4742-8FE0-AECEE7AEDF9E}.Debug|Any CPU.Build.0 = Debug|Any CPU
		{CAAC2C83-7791-4742-8FE0-AECEE7AEDF9E}.Release|Any CPU.ActiveCfg = Release|Any CPU
		{CAAC2C83-7791-4742-8FE0-AECEE7AEDF9E}.Release|Any CPU.Build.0 = Release|Any CPU
	EndGlobalSection
	GlobalSection(SolutionProperties) = preSolution
		HideSolutionNode = FALSE
	EndGlobalSection
	GlobalSection(ExtensibilityGlobals) = postSolution
		SolutionGuid = {9DF6641B-BD05-4DA3-8F08-BE066A3B4BDD}
	EndGlobalSection
EndGlobal
